
Microsoft Visual Studio Solution File, Format Version 12.00
# Visual Studio Version 16
VisualStudioVersion = 16.0.29215.179
MinimumVisualStudioVersion = 10.0.40219.1
Project("{9A19103F-16F7-4668-BE54-9A1E7A4F7556}") = "Calculator.Console", "Calculator.Console\Calculator.Console.csproj", "{AE1928AF-D3F3-4028-A44A-8AF3DC380E49}"
EndProject
Project("{9A19103F-16F7-4668-BE54-9A1E7A4F7556}") = "Calculator.Engine", "Calculator.Engine\Calculator.Engine.csproj", "{B1436EAC-F967-4BE4-A084-3863FF8D144F}"
EndProject
Project("{9A19103F-16F7-4668-BE54-9A1E7A4F7556}") = "Calculator.Engine.Tests", "Calculator.Engine.Tests\Calculator.Engine.Tests.csproj", "{58D70F8A-487D-4A27-AC5D-CF42AACA9D54}"
EndProject
Project("{9A19103F-16F7-4668-BE54-9A1E7A4F7556}") = "Calculator.Console.Tests", "Calculator.Console.Tests\Calculator.Console.Tests.csproj", "{A49C6191-2A7B-4D8A-AA4D-EC711C146667}"
EndProject
Global
	GlobalSection(SolutionConfigurationPlatforms) = preSolution
		Debug|Any CPU = Debug|Any CPU
		Release|Any CPU = Release|Any CPU
	EndGlobalSection
	GlobalSection(ProjectConfigurationPlatforms) = postSolution
		{AE1928AF-D3F3-4028-A44A-8AF3DC380E49}.Debug|Any CPU.ActiveCfg = Debug|Any CPU
		{AE1928AF-D3F3-4028-A44A-8AF3DC380E49}.Debug|Any CPU.Build.0 = Debug|Any CPU
		{AE1928AF-D3F3-4028-A44A-8AF3DC380E49}.Release|Any CPU.ActiveCfg = Release|Any CPU
		{AE1928AF-D3F3-4028-A44A-8AF3DC380E49}.Release|Any CPU.Build.0 = Release|Any CPU
		{B1436EAC-F967-4BE4-A084-3863FF8D144F}.Debug|Any CPU.ActiveCfg = Debug|Any CPU
		{B1436EAC-F967-4BE4-A084-3863FF8D144F}.Debug|Any CPU.Build.0 = Debug|Any CPU
		{B1436EAC-F967-4BE4-A084-3863FF8D144F}.Release|Any CPU.ActiveCfg = Release|Any CPU
		{B1436EAC-F967-4BE4-A084-3863FF8D144F}.Release|Any CPU.Build.0 = Release|Any CPU
		{58D70F8A-487D-4A27-AC5D-CF42AACA9D54}.Debug|Any CPU.ActiveCfg = Debug|Any CPU
		{58D70F8A-487D-4A27-AC5D-CF42AACA9D54}.Debug|Any CPU.Build.0 = Debug|Any CPU
		{58D70F8A-487D-4A27-AC5D-CF42AACA9D54}.Release|Any CPU.ActiveCfg = Release|Any CPU
		{58D70F8A-487D-4A27-AC5D-CF42AACA9D54}.Release|Any CPU.Build.0 = Release|Any CPU
		{A49C6191-2A7B-4D8A-AA4D-EC711C146667}.Debug|Any CPU.ActiveCfg = Debug|Any CPU
		{A49C6191-2A7B-4D8A-AA4D-EC711C146667}.Debug|Any CPU.Build.0 = Debug|Any CPU
		{A49C6191-2A7B-4D8A-AA4D-EC711C146667}.Release|Any CPU.ActiveCfg = Release|Any CPU
		{A49C6191-2A7B-4D8A-AA4D-EC711C146667}.Release|Any CPU.Build.0 = Release|Any CPU
	EndGlobalSection
	GlobalSection(SolutionProperties) = preSolution
		HideSolutionNode = FALSE
	EndGlobalSection
	GlobalSection(ExtensibilityGlobals) = postSolution
		SolutionGuid = {8FB6AAD8-CE44-4720-B8C6-F22CE568452F}
	EndGlobalSection
EndGlobal
